// !$*UTF8*$!
{
	archiveVersion = 1;
	classes = {
	};
	objectVersion = 46;
	objects = {

/* Begin PBXBuildFile section */
		F246C2661E942E540027E159 /* main.m in Sources */ = {isa = PBXBuildFile; fileRef = F246C2651E942E540027E159 /* main.m */; };
		F246C2691E942E540027E159 /* AppDelegate.m in Sources */ = {isa = PBXBuildFile; fileRef = F246C2681E942E540027E159 /* AppDelegate.m */; };
		F246C26C1E942E540027E159 /* ViewController.m in Sources */ = {isa = PBXBuildFile; fileRef = F246C26B1E942E540027E159 /* ViewController.m */; };
		F246C2711E942E540027E159 /* Assets.xcassets in Resources */ = {isa = PBXBuildFile; fileRef = F246C2701E942E540027E159 /* Assets.xcassets */; };
		F246C2741E942E540027E159 /* LaunchScreen.storyboard in Resources */ = {isa = PBXBuildFile; fileRef = F246C2721E942E540027E159 /* LaunchScreen.storyboard */; };
		F246C27D1E942F190027E159 /* View.m in Sources */ = {isa = PBXBuildFile; fileRef = F246C27C1E942F190027E159 /* View.m */; };
		F246C2801E9430D60027E159 /* UIView+AutoLayout.m in Sources */ = {isa = PBXBuildFile; fileRef = F246C27F1E9430D60027E159 /* UIView+AutoLayout.m */; };
/* End PBXBuildFile section */

/* Begin PBXFileReference section */
		F246C2611E942E540027E159 /* AutoLayoutHelperDemo.app */ = {isa = PBXFileReference; explicitFileType = wrapper.application; includeInIndex = 0; path = AutoLayoutHelperDemo.app; sourceTree = BUILT_PRODUCTS_DIR; };
		F246C2651E942E540027E159 /* main.m */ = {isa = PBXFileReference; lastKnownFileType = sourcecode.c.objc; path = main.m; sourceTree = "<group>"; };
		F246C2671E942E540027E159 /* AppDelegate.h */ = {isa = PBXFileReference; lastKnownFileType = sourcecode.c.h; path = AppDelegate.h; sourceTree = "<group>"; };
		F246C2681E942E540027E159 /* AppDelegate.m */ = {isa = PBXFileReference; lastKnownFileType = sourcecode.c.objc; path = AppDelegate.m; sourceTree = "<group>"; };
		F246C26A1E942E540027E159 /* ViewController.h */ = {isa = PBXFileReference; lastKnownFileType = sourcecode.c.h; path = ViewController.h; sourceTree = "<group>"; };
		F246C26B1E942E540027E159 /* ViewController.m */ = {isa = PBXFileReference; lastKnownFileType = sourcecode.c.objc; path = ViewController.m; sourceTree = "<group>"; };
		F246C2701E942E540027E159 /* Assets.xcassets */ = {isa = PBXFileReference; lastKnownFileType = folder.assetcatalog; path = Assets.xcassets; sourceTree = "<group>"; };
		F246C2731E942E540027E159 /* Base */ = {isa = PBXFileReference; lastKnownFileType = file.storyboard; name = Base; path = Base.lproj/LaunchScreen.storyboard; sourceTree = "<group>"; };
		F246C2751E942E540027E159 /* Info.plist */ = {isa = PBXFileReference; lastKnownFileType = text.plist.xml; path = Info.plist; sourceTree = "<group>"; };
		F246C27B1E942F190027E159 /* View.h */ = {isa = PBXFileReference; fileEncoding = 4; lastKnownFileType = sourcecode.c.h; path = View.h; sourceTree = "<group>"; };
		F246C27C1E942F190027E159 /* View.m */ = {isa = PBXFileReference; fileEncoding = 4; lastKnownFileType = sourcecode.c.objc; path = View.m; sourceTree = "<group>"; };
		F246C27E1E9430D60027E159 /* UIView+AutoLayout.h */ = {isa = PBXFileReference; fileEncoding = 4; lastKnownFileType = sourcecode.c.h; path = "UIView+AutoLayout.h"; sourceTree = "<group>"; };
		F246C27F1E9430D60027E159 /* UIView+AutoLayout.m */ = {isa = PBXFileReference; fileEncoding = 4; lastKnownFileType = sourcecode.c.objc; path = "UIView+AutoLayout.m"; sourceTree = "<group>"; };
/* End PBXFileReference section */

/* Begin PBXFrameworksBuildPhase section */
		F246C25E1E942E540027E159 /* Frameworks */ = {
			isa = PBXFrameworksBuildPhase;
			buildActionMask = 2147483647;
			files = (
			);
			runOnlyForDeploymentPostprocessing = 0;
		};
/* End PBXFrameworksBuildPhase section */

/* Begin PBXGroup section */
		F246C2581E942E540027E159 = {
			isa = PBXGroup;
			children = (
				F246C2631E942E540027E159 /* AutoLayoutHelperDemo */,
				F246C2621E942E540027E159 /* Products */,
			);
			sourceTree = "<group>";
		};
		F246C2621E942E540027E159 /* Products */ = {
			isa = PBXGroup;
			children = (
				F246C2611E942E540027E159 /* AutoLayoutHelperDemo.app */,
			);
			name = Products;
			sourceTree = "<group>";
		};
		F246C2631E942E540027E159 /* AutoLayoutHelperDemo */ = {
			isa = PBXGroup;
			children = (
				F246C2671E942E540027E159 /* AppDelegate.h */,
				F246C2681E942E540027E159 /* AppDelegate.m */,
				F246C26A1E942E540027E159 /* ViewController.h */,
				F246C26B1E942E540027E159 /* ViewController.m */,
				F246C27B1E942F190027E159 /* View.h */,
				F246C27C1E942F190027E159 /* View.m */,
				F246C27E1E9430D60027E159 /* UIView+AutoLayout.h */,
				F246C27F1E9430D60027E159 /* UIView+AutoLayout.m */,
				F246C2701E942E540027E159 /* Assets.xcassets */,
				F246C2721E942E540027E159 /* LaunchScreen.storyboard */,
				F246C2751E942E540027E159 /* Info.plist */,
				F246C2641E942E540027E159 /* Supporting Files */,
			);
			path = AutoLayoutHelperDemo;
			sourceTree = "<group>";
		};
		F246C2641E942E540027E159 /* Supporting Files */ = {
			isa = PBXGroup;
			children = (
				F246C2651E942E540027E159 /* main.m */,
			);
			name = "Supporting Files";
			sourceTree = "<group>";
		};
/* End PBXGroup section */

/* Begin PBXNativeTarget section */
		F246C2601E942E540027E159 /* AutoLayoutHelperDemo */ = {
			isa = PBXNativeTarget;
			buildConfigurationList = F246C2781E942E540027E159 /* Build configuration list for PBXNativeTarget "AutoLayoutHelperDemo" */;
			buildPhases = (
				F246C25D1E942E540027E159 /* Sources */,
				F246C25E1E942E540027E159 /* Frameworks */,
				F246C25F1E942E540027E159 /* Resources */,
			);
			buildRules = (
			);
			dependencies = (
			);
			name = AutoLayoutHelperDemo;
			productName = AutoLayoutHelperDemo;
			productReference = F246C2611E942E540027E159 /* AutoLayoutHelperDemo.app */;
			productType = "com.apple.product-type.application";
		};
/* End PBXNativeTarget section */

/* Begin PBXProject section */
		F246C2591E942E540027E159 /* Project object */ = {
			isa = PBXProject;
			attributes = {
				LastUpgradeCheck = 0820;
				ORGANIZATIONNAME = dasdom;
				TargetAttributes = {
					F246C2601E942E540027E159 = {
						CreatedOnToolsVersion = 8.2.1;
						DevelopmentTeam = Q6PD97MRX4;
						ProvisioningStyle = Automatic;
					};
				};
			};
			buildConfigurationList = F246C25C1E942E540027E159 /* Build configuration list for PBXProject "AutoLayoutHelperDemo" */;
			compatibilityVersion = "Xcode 3.2";
			developmentRegion = English;
			hasScannedForEncodings = 0;
			knownRegions = (
				en,
				Base,
			);
			mainGroup = F246C2581E942E540027E159;
			productRefGroup = F246C2621E942E540027E159 /* Products */;
			projectDirPath = "";
			projectRoot = "";
			targets = (
				F246C2601E942E540027E159 /* AutoLayoutHelperDemo */,
			);
		};
/* End PBXProject section */

/* Begin PBXResourcesBuildPhase section */
		F246C25F1E942E540027E159 /* Resources */ = {
			isa = PBXResourcesBuildPhase;
			buildActionMask = 2147483647;
			files = (
				F246C2741E942E540027E159 /* LaunchScreen.storyboard in Resources */,
				F246C2711E942E540027E159 /* Assets.xcassets in Resources */,
			);
			runOnlyForDeploymentPostprocessing = 0;
		};
/* End PBXResourcesBuildPhase section */

/* Begin PBXSourcesBuildPhase section */
		F246C25D1E942E540027E159 /* Sources */ = {
			isa = PBXSourcesBuildPhase;
			buildActionMask = 2147483647;
			files = (
				F246C2801E9430D60027E159 /* UIView+AutoLayout.m in Sources */,
				F246C27D1E942F190027E159 /* View.m in Sources */,
				F246C26C1E942E540027E159 /* ViewController.m in Sources */,
				F246C2691E942E540027E159 /* AppDelegate.m in Sources */,
				F246C2661E942E540027E159 /* main.m in Sources */,
			);
			runOnlyForDeploymentPostprocessing = 0;
		};
/* End PBXSourcesBuildPhase section */

/* Begin PBXVariantGroup section */
		F246C2721E942E540027E159 /* LaunchScreen.storyboard */ = {
			isa = PBXVariantGroup;
			children = (
				F246C2731E942E540027E159 /* Base */,
			);
			name = LaunchScreen.storyboard;
			sourceTree = "<group>";
		};
/* End PBXVariantGroup section */

/* Begin XCBuildConfiguration section */
		F246C2761E942E540027E159 /* Debug */ = {
			isa = XCBuildConfiguration;
			buildSettings = {
				ALWAYS_SEARCH_USER_PATHS = NO;
				CLANG_ANALYZER_NONNULL = YES;
				CLANG_CXX_LANGUAGE_STANDARD = "gnu++0x";
				CLANG_CXX_LIBRARY = "libc++";
				CLANG_ENABLE_MODULES = YES;
				CLANG_ENABLE_OBJC_ARC = YES;
				CLANG_WARN_BOOL_CONVERSION = YES;
				CLANG_WARN_CONSTANT_CONVERSION = YES;
				CLANG_WARN_DIRECT_OBJC_ISA_USAGE = YES_ERROR;
				CLANG_WARN_DOCUMENTATION_COMMENTS = YES;
				CLANG_WARN_EMPTY_BODY = YES;
				CLANG_WARN_ENUM_CONVERSION = YES;
				CLANG_WARN_INFINITE_RECURSION = YES;
				CLANG_WARN_INT_CONVERSION = YES;
				CLANG_WARN_OBJC_ROOT_CLASS = YES_ERROR;
				CLANG_WARN_SUSPICIOUS_MOVE = YES;
				CLANG_WARN_UNREACHABLE_CODE = YES;
				CLANG_WARN__DUPLICATE_METHOD_MATCH = YES;
				"CODE_SIGN_IDENTITY[sdk=iphoneos*]" = "iPhone Developer";
				COPY_PHASE_STRIP = NO;
				DEBUG_INFORMATION_FORMAT = dwarf;
				ENABLE_STRICT_OBJC_MSGSEND = YES;
				ENABLE_TESTABILITY = YES;
				GCC_C_LANGUAGE_STANDARD = gnu99;
				GCC_DYNAMIC_NO_PIC = NO;
				GCC_NO_COMMON_BLOCKS = YES;
				GCC_OPTIMIZATION_LEVEL = 0;
				GCC_PREPROCESSOR_DEFINITIONS = (
					"DEBUG=1",
					"$(inherited)",
				);
				GCC_WARN_64_TO_32_BIT_CONVERSION = YES;
				GCC_WARN_ABOUT_RETURN_TYPE = YES_ERROR;
				GCC_WARN_UNDECLARED_SELECTOR = YES;
				GCC_WARN_UNINITIALIZED_AUTOS = YES_AGGRESSIVE;
				GCC_WARN_UNUSED_FUNCTION = YES;
				GCC_WARN_UNUSED_VARIABLE = YES;
				IPHONEOS_DEPLOYMENT_TARGET = 10.2;
				MTL_ENABLE_DEBUG_INFO = YES;
				ONLY_ACTIVE_ARCH = YES;
				SDKROOT = iphoneos;
			};
			name = Debug;
		};
		F246C2771E942E540027E159 /* Release */ = {
			isa = XCBuildConfiguration;
			buildSettings = {
				ALWAYS_SEARCH_USER_PATHS = NO;
				CLANG_ANALYZER_NONNULL = YES;
				CLANG_CXX_LANGUAGE_STANDARD = "gnu++0x";
				CLANG_CXX_LIBRARY = "libc++";
				CLANG_ENABLE_MODULES = YES;
				CLANG_ENABLE_OBJC_ARC = YES;
				CLANG_WARN_BOOL_CONVERSION = YES;
				CLANG_WARN_CONSTANT_CONVERSION = YES;
				CLANG_WARN_DIRECT_OBJC_ISA_USAGE = YES_ERROR;
				CLANG_WARN_DOCUMENTATION_COMMENTS = YES;
				CLANG_WARN_EMPTY_BODY = YES;
				CLANG_WARN_ENUM_CONVERSION = YES;
				CLANG_WARN_INFINITE_RECURSION = YES;
				CLANG_WARN_INT_CONVERSION = YES;
				CLANG_WARN_OBJC_ROOT_CLASS = YES_ERROR;
				CLANG_WARN_SUSPICIOUS_MOVE = YES;
				CLANG_WARN_UNREACHABLE_CODE = YES;
				CLANG_WARN__DUPLICATE_METHOD_MATCH = YES;
				"CODE_SIGN_IDENTITY[sdk=iphoneos*]" = "iPhone Developer";
				COPY_PHASE_STRIP = NO;
				DEBUG_INFORMATION_FORMAT = "dwarf-with-dsym";
				ENABLE_NS_ASSERTIONS = NO;
				ENABLE_STRICT_OBJC_MSGSEND = YES;
				GCC_C_LANGUAGE_STANDARD = gnu99;
				GCC_NO_COMMON_BLOCKS = YES;
				GCC_WARN_64_TO_32_BIT_CONVERSION = YES;
				GCC_WARN_ABOUT_RETURN_TYPE = YES_ERROR;
				GCC_WARN_UNDECLARED_SELECTOR = YES;
				GCC_WARN_UNINITIALIZED_AUTOS = YES_AGGRESSIVE;
				GCC_WARN_UNUSED_FUNCTION = YES;
				GCC_WARN_UNUSED_VARIABLE = YES;
				IPHONEOS_DEPLOYMENT_TARGET = 10.2;
				MTL_ENABLE_DEBUG_INFO = NO;
				SDKROOT = iphoneos;
				VALIDATE_PRODUCT = YES;
			};
			name = Release;
		};
		F246C2791E942E540027E159 /* Debug */ = {
			isa = XCBuildConfiguration;
			buildSettings = {
				ASSETCATALOG_COMPILER_APPICON_NAME = AppIcon;
				DEVELOPMENT_TEAM = Q6PD97MRX4;
				INFOPLIST_FILE = AutoLayoutHelperDemo/Info.plist;
				LD_RUNPATH_SEARCH_PATHS = "$(inherited) @executable_path/Frameworks";
				PRODUCT_BUNDLE_IDENTIFIER = com.swiftandpainless.AutoLayoutHelperDemo;
				PRODUCT_NAME = "$(TARGET_NAME)";
			};
			name = Debug;
		};
		F246C27A1E942E540027E159 /* Release */ = {
			isa = XCBuildConfiguration;
			buildSettings = {
				ASSETCATALOG_COMPILER_APPICON_NAME = AppIcon;
				DEVELOPMENT_TEAM = Q6PD97MRX4;
				INFOPLIST_FILE = AutoLayoutHelperDemo/Info.plist;
				LD_RUNPATH_SEARCH_PATHS = "$(inherited) @executable_path/Frameworks";
				PRODUCT_BUNDLE_IDENTIFIER = com.swiftandpainless.AutoLayoutHelperDemo;
				PRODUCT_NAME = "$(TARGET_NAME)";
			};
			name = Release;
		};
/* End XCBuildConfiguration section */

/* Begin XCConfigurationList section */
		F246C25C1E942E540027E159 /* Build configuration list for PBXProject "AutoLayoutHelperDemo" */ = {
			isa = XCConfigurationList;
			buildConfigurations = (
				F246C2761E942E540027E159 /* Debug */,
				F246C2771E942E540027E159 /* Release */,
			);
			defaultConfigurationIsVisible = 0;
			defaultConfigurationName = Release;
		};
		F246C2781E942E540027E159 /* Build configuration list for PBXNativeTarget "AutoLayoutHelperDemo" */ = {
			isa = XCConfigurationList;
			buildConfigurations = (
				F246C2791E942E540027E159 /* Debug */,
				F246C27A1E942E540027E159 /* Release */,
			);
			defaultConfigurationIsVisible = 0;
		};
/* End XCConfigurationList section */
	};
	rootObject = F246C2591E942E540027E159 /* Project object */;
}
